
Microsoft Visual Studio Solution File, Format Version 12.00
# Visual Studio 14
VisualStudioVersion = 14.0.25420.1
MinimumVisualStudioVersion = 10.0.40219.1
Project("{FAE04EC0-301F-11D3-BF4B-00C04F79EFBC}") = "CapaPresentacion", "CapaPresentacion\CapaPresentacion.csproj", "{A6F5C826-4243-4B5E-8779-F885D0A4B630}"
EndProject
Project("{FAE04EC0-301F-11D3-BF4B-00C04F79EFBC}") = "CapaDatos", "CapaDatos\CapaDatos.csproj", "{46E14DFC-C73E-4A71-8118-0D89C3E59B58}"
EndProject
Project("{FAE04EC0-301F-11D3-BF4B-00C04F79EFBC}") = "CapaNegocio", "CapaNegocio\CapaNegocio.csproj", "{2FBDC3A8-0BA9-43A2-96C0-C980391AEA86}"
EndProject
Project("{FAE04EC0-301F-11D3-BF4B-00C04F79EFBC}") = "CapaEntidades", "CapaEntidades\CapaEntidades.csproj", "{CBC0966C-645A-4DE9-BE51-9A3CFA18D657}"
EndProject
Global
	GlobalSection(SolutionConfigurationPlatforms) = preSolution
		Debug|Any CPU = Debug|Any CPU
		Release|Any CPU = Release|Any CPU
	EndGlobalSection
	GlobalSection(ProjectConfigurationPlatforms) = postSolution
		{A6F5C826-4243-4B5E-8779-F885D0A4B630}.Debug|Any CPU.ActiveCfg = Debug|Any CPU
		{A6F5C826-4243-4B5E-8779-F885D0A4B630}.Debug|Any CPU.Build.0 = Debug|Any CPU
		{A6F5C826-4243-4B5E-8779-F885D0A4B630}.Release|Any CPU.ActiveCfg = Release|Any CPU
		{A6F5C826-4243-4B5E-8779-F885D0A4B630}.Release|Any CPU.Build.0 = Release|Any CPU
		{46E14DFC-C73E-4A71-8118-0D89C3E59B58}.Debug|Any CPU.ActiveCfg = Debug|Any CPU
		{46E14DFC-C73E-4A71-8118-0D89C3E59B58}.Debug|Any CPU.Build.0 = Debug|Any CPU
		{46E14DFC-C73E-4A71-8118-0D89C3E59B58}.Release|Any CPU.ActiveCfg = Release|Any CPU
		{46E14DFC-C73E-4A71-8118-0D89C3E59B58}.Release|Any CPU.Build.0 = Release|Any CPU
		{2FBDC3A8-0BA9-43A2-96C0-C980391AEA86}.Debug|Any CPU.ActiveCfg = Debug|Any CPU
		{2FBDC3A8-0BA9-43A2-96C0-C980391AEA86}.Debug|Any CPU.Build.0 = Debug|Any CPU
		{2FBDC3A8-0BA9-43A2-96C0-C980391AEA86}.Release|Any CPU.ActiveCfg = Release|Any CPU
		{2FBDC3A8-0BA9-43A2-96C0-C980391AEA86}.Release|Any CPU.Build.0 = Release|Any CPU
		{CBC0966C-645A-4DE9-BE51-9A3CFA18D657}.Debug|Any CPU.ActiveCfg = Debug|Any CPU
		{CBC0966C-645A-4DE9-BE51-9A3CFA18D657}.Debug|Any CPU.Build.0 = Debug|Any CPU
		{CBC0966C-645A-4DE9-BE51-9A3CFA18D657}.Release|Any CPU.ActiveCfg = Release|Any CPU
		{CBC0966C-645A-4DE9-BE51-9A3CFA18D657}.Release|Any CPU.Build.0 = Release|Any CPU
	EndGlobalSection
	GlobalSection(SolutionProperties) = preSolution
		HideSolutionNode = FALSE
	EndGlobalSection
EndGlobal
